{
    "name": "arandomtheme",
    "version": "0.0.2",
    "lockfileVersion": 2,
    "requires": true,
    "packages": {
        "": {
            "name": "arandomtheme",
            "version": "0.0.2",
            "license": "EPL",
            "dependencies": {
                "arandomtheme": "^0.0.1"
            },
            "engines": {
                "vscode": "^1.8.0"
            }
        },
        "node_modules/arandomtheme": {
            "version": "0.0.1",
            "resolved": "https://registry.npmjs.org/arandomtheme/-/arandomtheme-0.0.1.tgz",
            "integrity": "sha512-BGk6Yqzt5joveY+GOnIpi16KI6UhqE35LrCjX7Phge94yBB+LzUPtZ8EPqL8kdRC3JnXIYbFIy6VuJUKGKtZfQ==",
            "engines": {
                "vscode": "^1.80"
            }
        }
    },
    "dependencies": {
        "arandomtheme": {
            "version": "0.0.1",
            "resolved": "https://registry.npmjs.org/arandomtheme/-/arandomtheme-0.0.1.tgz",
            "integrity": "sha512-BGk6Yqzt5joveY+GOnIpi16KI6UhqE35LrCjX7Phge94yBB+LzUPtZ8EPqL8kdRC3JnXIYbFIy6VuJUKGKtZfQ=="
        }
    }
}
